
Microsoft Visual Studio Solution File, Format Version 12.00
# Visual Studio Version 16
VisualStudioVersion = 16.0.29123.88
MinimumVisualStudioVersion = 10.0.40219.1
Project("{2150E333-8FDC-42A3-9474-1A3956D46DE8}") = "src", "src", "{CA52EED9-5607-4A80-AC1A-10079CE967B9}"
EndProject
Project("{2150E333-8FDC-42A3-9474-1A3956D46DE8}") = "api", "api", "{914EDDE3-B7CF-492D-B2FE-1CB4051F0287}"
EndProject
Project("{2150E333-8FDC-42A3-9474-1A3956D46DE8}") = "Dashboard", "Dashboard", "{6C9E7A64-25E7-4B1C-8936-55365A881F8C}"
EndProject
Project("{2150E333-8FDC-42A3-9474-1A3956D46DE8}") = "Members", "Members", "{CB918DF1-0263-4C3E-9013-0A37808B3390}"
EndProject
Project("{2150E333-8FDC-42A3-9474-1A3956D46DE8}") = "Reports", "Reports", "{23A677BF-9FC6-4569-BCCA-A20C103E7F3E}"
EndProject
Project("{2150E333-8FDC-42A3-9474-1A3956D46DE8}") = "Actions", "Actions", "{FC1BB709-83FE-4272-84F0-1A9CCA3C3EE6}"
EndProject
Project("{2150E333-8FDC-42A3-9474-1A3956D46DE8}") = "NewsPapers", "NewsPapers", "{51F6A226-7A15-4A76-A6E4-62ADD8B34738}"
EndProject
Project("{2150E333-8FDC-42A3-9474-1A3956D46DE8}") = "Magazines", "Magazines", "{90791077-889D-4D5C-8BD2-A81672A6C662}"
EndProject
Project("{2150E333-8FDC-42A3-9474-1A3956D46DE8}") = "ManageBook", "ManageBook", "{B50CEF94-2E22-477F-9A36-AC21B85BF575}"
EndProject
Project("{2150E333-8FDC-42A3-9474-1A3956D46DE8}") = "ManageFine", "ManageFine", "{BE065DB1-2F6B-4983-A62F-B8010C29D2DB}"
EndProject
Project("{2150E333-8FDC-42A3-9474-1A3956D46DE8}") = "IssueBooks", "IssueBooks", "{6727EA81-4A9C-4740-B562-03FC07B8BE3F}"
EndProject
Project("{2150E333-8FDC-42A3-9474-1A3956D46DE8}") = "Returned", "Returned", "{BAF15A7F-A672-498B-8C16-4CB1A9D93247}"
EndProject
Project("{2150E333-8FDC-42A3-9474-1A3956D46DE8}") = "NotReturned", "NotReturned", "{58205C93-F6BA-4CB4-8913-A036DFBCA9CF}"
EndProject
Project("{2150E333-8FDC-42A3-9474-1A3956D46DE8}") = "AllIssuedBook", "AllIssuedBook", "{ADC5BF85-1E6F-4D9E-917F-8EFD2AC4F314}"
EndProject
Project("{2150E333-8FDC-42A3-9474-1A3956D46DE8}") = "ManageStudents", "ManageStudents", "{F8FF3639-A191-436E-9CB4-C6DB47E2A867}"
EndProject
Project("{2150E333-8FDC-42A3-9474-1A3956D46DE8}") = "ManageSetting", "ManageSetting", "{557A7A3F-57D4-4E06-80CD-42E28343B1FE}"
EndProject
Project("{2150E333-8FDC-42A3-9474-1A3956D46DE8}") = "AboutSoftware", "AboutSoftware", "{E98348B9-B9CC-406A-BD69-1C8714B25F42}"
EndProject
Project("{2150E333-8FDC-42A3-9474-1A3956D46DE8}") = "AdminPannel", "AdminPannel", "{B318D2AA-E252-486E-9390-7120B4242C5C}"
EndProject
Project("{2150E333-8FDC-42A3-9474-1A3956D46DE8}") = "NotifyDelayedMembers", "NotifyDelayedMembers", "{747F207D-4EAD-4FBB-98B3-5D6152094080}"
EndProject
Project("{FAE04EC0-301F-11D3-BF4B-00C04F79EFBC}") = "ManageBook.api", "ManageBook.api\ManageBook.api.csproj", "{2812AC31-13B3-4AF3-8F46-558D62811FEB}"
EndProject
Project("{2150E333-8FDC-42A3-9474-1A3956D46DE8}") = "test", "test", "{5B688F02-B5F9-4973-947D-D8C824DA7DCC}"
EndProject
Project("{FAE04EC0-301F-11D3-BF4B-00C04F79EFBC}") = "Dashboard.api", "Dashboard.api\Dashboard.api.csproj", "{A7871993-57DC-47AF-9F96-6D307DC2A2D6}"
EndProject
Project("{FAE04EC0-301F-11D3-BF4B-00C04F79EFBC}") = "Members.api", "Members.api\Members.api.csproj", "{F3F43058-BDDD-41BF-A88F-823F16B2B83D}"
EndProject
Project("{FAE04EC0-301F-11D3-BF4B-00C04F79EFBC}") = "Reports.api", "Reports.api\Reports.api.csproj", "{8964A758-4BAC-48E9-8CD5-0DA19371D70E}"
EndProject
Project("{FAE04EC0-301F-11D3-BF4B-00C04F79EFBC}") = "Actions.api", "Actions.api\Actions.api.csproj", "{C928B31A-F71A-4A7D-A86D-79194FEAA26D}"
EndProject
Project("{FAE04EC0-301F-11D3-BF4B-00C04F79EFBC}") = "NewsPapers.api", "NewsPapers.api\NewsPapers.api.csproj", "{9974A187-5F13-4106-8B08-D4848210B2E5}"
EndProject
Project("{FAE04EC0-301F-11D3-BF4B-00C04F79EFBC}") = "Magazines.api", "Magazines.api\Magazines.api.csproj", "{34DA65A2-B910-40A5-93D5-A39E3E1A5E4F}"
EndProject
Project("{FAE04EC0-301F-11D3-BF4B-00C04F79EFBC}") = "AdminPannel.api", "AdminPannel.api\AdminPannel.api.csproj", "{4422F12A-81E8-478B-A188-8F4F8CE51E56}"
EndProject
Project("{FAE04EC0-301F-11D3-BF4B-00C04F79EFBC}") = "NotifyDelayedMembers.api", "NotifyDelayedMembers.api\NotifyDelayedMembers.api.csproj", "{CBC3F87F-491F-40FE-A785-FE02710331C2}"
EndProject
Project("{FAE04EC0-301F-11D3-BF4B-00C04F79EFBC}") = "AboutSoftware.api", "AboutSoftware.api\AboutSoftware.api.csproj", "{09ED2F31-4FC0-419C-B25D-F53466A595EB}"
EndProject
Project("{FAE04EC0-301F-11D3-BF4B-00C04F79EFBC}") = "AllIssuedBook.api", "AllIssuedBook.api\AllIssuedBook.api.csproj", "{818E8C5F-8A80-4427-B6A2-2613CBF9D0C6}"
EndProject
Project("{FAE04EC0-301F-11D3-BF4B-00C04F79EFBC}") = "IssueBooks.api", "IssueBooks.api\IssueBooks.api.csproj", "{E4AC5204-62B7-4EAA-BE8F-B94C870646F9}"
EndProject
Project("{FAE04EC0-301F-11D3-BF4B-00C04F79EFBC}") = "ManageFine.api", "ManageFine.api\ManageFine.api.csproj", "{D0D7B8DD-4CDC-42DC-8B83-16C2CFA462FE}"
EndProject
Project("{FAE04EC0-301F-11D3-BF4B-00C04F79EFBC}") = "ManageSetting.api", "ManageSetting.api\ManageSetting.api.csproj", "{45494177-E393-43CB-A519-228F15A50154}"
EndProject
Project("{FAE04EC0-301F-11D3-BF4B-00C04F79EFBC}") = "ManageStudents.api", "ManageStudents.api\ManageStudents.api.csproj", "{B6DF3C92-3161-4DD5-A21F-AAB0EBD036F0}"
EndProject
Project("{FAE04EC0-301F-11D3-BF4B-00C04F79EFBC}") = "NotReturned.api", "NotReturned.api\NotReturned.api.csproj", "{9079C02C-AA1B-47DD-ACAA-DC69D62B75C5}"
EndProject
Project("{FAE04EC0-301F-11D3-BF4B-00C04F79EFBC}") = "Returned.api", "Returned.api\Returned.api.csproj", "{E7707F5A-E8EC-402C-8B68-A54AAB9DDA1B}"
EndProject
Project("{FAE04EC0-301F-11D3-BF4B-00C04F79EFBC}") = "AboutSoftware.Persistence", "AboutSoftware.Persistence\AboutSoftware.Persistence.csproj", "{24C56B13-3E64-49B2-95C9-AA09AC384518}"
EndProject
Project("{FAE04EC0-301F-11D3-BF4B-00C04F79EFBC}") = "AboutSoftware.Domain", "AboutSoftware.Domain\AboutSoftware.Domain.csproj", "{ABFA62A2-7ED4-48B3-A445-DAD41B5548FC}"
EndProject
Global
	GlobalSection(SolutionConfigurationPlatforms) = preSolution
		Debug|Any CPU = Debug|Any CPU
		Release|Any CPU = Release|Any CPU
	EndGlobalSection
	GlobalSection(ProjectConfigurationPlatforms) = postSolution
		{2812AC31-13B3-4AF3-8F46-558D62811FEB}.Debug|Any CPU.ActiveCfg = Debug|Any CPU
		{2812AC31-13B3-4AF3-8F46-558D62811FEB}.Debug|Any CPU.Build.0 = Debug|Any CPU
		{2812AC31-13B3-4AF3-8F46-558D62811FEB}.Release|Any CPU.ActiveCfg = Release|Any CPU
		{2812AC31-13B3-4AF3-8F46-558D62811FEB}.Release|Any CPU.Build.0 = Release|Any CPU
		{A7871993-57DC-47AF-9F96-6D307DC2A2D6}.Debug|Any CPU.ActiveCfg = Debug|Any CPU
		{A7871993-57DC-47AF-9F96-6D307DC2A2D6}.Debug|Any CPU.Build.0 = Debug|Any CPU
		{A7871993-57DC-47AF-9F96-6D307DC2A2D6}.Release|Any CPU.ActiveCfg = Release|Any CPU
		{A7871993-57DC-47AF-9F96-6D307DC2A2D6}.Release|Any CPU.Build.0 = Release|Any CPU
		{F3F43058-BDDD-41BF-A88F-823F16B2B83D}.Debug|Any CPU.ActiveCfg = Debug|Any CPU
		{F3F43058-BDDD-41BF-A88F-823F16B2B83D}.Debug|Any CPU.Build.0 = Debug|Any CPU
		{F3F43058-BDDD-41BF-A88F-823F16B2B83D}.Release|Any CPU.ActiveCfg = Release|Any CPU
		{F3F43058-BDDD-41BF-A88F-823F16B2B83D}.Release|Any CPU.Build.0 = Release|Any CPU
		{8964A758-4BAC-48E9-8CD5-0DA19371D70E}.Debug|Any CPU.ActiveCfg = Debug|Any CPU
		{8964A758-4BAC-48E9-8CD5-0DA19371D70E}.Debug|Any CPU.Build.0 = Debug|Any CPU
		{8964A758-4BAC-48E9-8CD5-0DA19371D70E}.Release|Any CPU.ActiveCfg = Release|Any CPU
		{8964A758-4BAC-48E9-8CD5-0DA19371D70E}.Release|Any CPU.Build.0 = Release|Any CPU
		{C928B31A-F71A-4A7D-A86D-79194FEAA26D}.Debug|Any CPU.ActiveCfg = Debug|Any CPU
		{C928B31A-F71A-4A7D-A86D-79194FEAA26D}.Debug|Any CPU.Build.0 = Debug|Any CPU
		{C928B31A-F71A-4A7D-A86D-79194FEAA26D}.Release|Any CPU.ActiveCfg = Release|Any CPU
		{C928B31A-F71A-4A7D-A86D-79194FEAA26D}.Release|Any CPU.Build.0 = Release|Any CPU
		{9974A187-5F13-4106-8B08-D4848210B2E5}.Debug|Any CPU.ActiveCfg = Debug|Any CPU
		{9974A187-5F13-4106-8B08-D4848210B2E5}.Debug|Any CPU.Build.0 = Debug|Any CPU
		{9974A187-5F13-4106-8B08-D4848210B2E5}.Release|Any CPU.ActiveCfg = Release|Any CPU
		{9974A187-5F13-4106-8B08-D4848210B2E5}.Release|Any CPU.Build.0 = Release|Any CPU
		{34DA65A2-B910-40A5-93D5-A39E3E1A5E4F}.Debug|Any CPU.ActiveCfg = Debug|Any CPU
		{34DA65A2-B910-40A5-93D5-A39E3E1A5E4F}.Debug|Any CPU.Build.0 = Debug|Any CPU
		{34DA65A2-B910-40A5-93D5-A39E3E1A5E4F}.Release|Any CPU.ActiveCfg = Release|Any CPU
		{34DA65A2-B910-40A5-93D5-A39E3E1A5E4F}.Release|Any CPU.Build.0 = Release|Any CPU
		{4422F12A-81E8-478B-A188-8F4F8CE51E56}.Debug|Any CPU.ActiveCfg = Debug|Any CPU
		{4422F12A-81E8-478B-A188-8F4F8CE51E56}.Debug|Any CPU.Build.0 = Debug|Any CPU
		{4422F12A-81E8-478B-A188-8F4F8CE51E56}.Release|Any CPU.ActiveCfg = Release|Any CPU
		{4422F12A-81E8-478B-A188-8F4F8CE51E56}.Release|Any CPU.Build.0 = Release|Any CPU
		{CBC3F87F-491F-40FE-A785-FE02710331C2}.Debug|Any CPU.ActiveCfg = Debug|Any CPU
		{CBC3F87F-491F-40FE-A785-FE02710331C2}.Debug|Any CPU.Build.0 = Debug|Any CPU
		{CBC3F87F-491F-40FE-A785-FE02710331C2}.Release|Any CPU.ActiveCfg = Release|Any CPU
		{CBC3F87F-491F-40FE-A785-FE02710331C2}.Release|Any CPU.Build.0 = Release|Any CPU
		{09ED2F31-4FC0-419C-B25D-F53466A595EB}.Debug|Any CPU.ActiveCfg = Debug|Any CPU
		{09ED2F31-4FC0-419C-B25D-F53466A595EB}.Debug|Any CPU.Build.0 = Debug|Any CPU
		{09ED2F31-4FC0-419C-B25D-F53466A595EB}.Release|Any CPU.ActiveCfg = Release|Any CPU
		{09ED2F31-4FC0-419C-B25D-F53466A595EB}.Release|Any CPU.Build.0 = Release|Any CPU
		{818E8C5F-8A80-4427-B6A2-2613CBF9D0C6}.Debug|Any CPU.ActiveCfg = Debug|Any CPU
		{818E8C5F-8A80-4427-B6A2-2613CBF9D0C6}.Debug|Any CPU.Build.0 = Debug|Any CPU
		{818E8C5F-8A80-4427-B6A2-2613CBF9D0C6}.Release|Any CPU.ActiveCfg = Release|Any CPU
		{818E8C5F-8A80-4427-B6A2-2613CBF9D0C6}.Release|Any CPU.Build.0 = Release|Any CPU
		{E4AC5204-62B7-4EAA-BE8F-B94C870646F9}.Debug|Any CPU.ActiveCfg = Debug|Any CPU
		{E4AC5204-62B7-4EAA-BE8F-B94C870646F9}.Debug|Any CPU.Build.0 = Debug|Any CPU
		{E4AC5204-62B7-4EAA-BE8F-B94C870646F9}.Release|Any CPU.ActiveCfg = Release|Any CPU
		{E4AC5204-62B7-4EAA-BE8F-B94C870646F9}.Release|Any CPU.Build.0 = Release|Any CPU
		{D0D7B8DD-4CDC-42DC-8B83-16C2CFA462FE}.Debug|Any CPU.ActiveCfg = Debug|Any CPU
		{D0D7B8DD-4CDC-42DC-8B83-16C2CFA462FE}.Debug|Any CPU.Build.0 = Debug|Any CPU
		{D0D7B8DD-4CDC-42DC-8B83-16C2CFA462FE}.Release|Any CPU.ActiveCfg = Release|Any CPU
		{D0D7B8DD-4CDC-42DC-8B83-16C2CFA462FE}.Release|Any CPU.Build.0 = Release|Any CPU
		{45494177-E393-43CB-A519-228F15A50154}.Debug|Any CPU.ActiveCfg = Debug|Any CPU
		{45494177-E393-43CB-A519-228F15A50154}.Debug|Any CPU.Build.0 = Debug|Any CPU
		{45494177-E393-43CB-A519-228F15A50154}.Release|Any CPU.ActiveCfg = Release|Any CPU
		{45494177-E393-43CB-A519-228F15A50154}.Release|Any CPU.Build.0 = Release|Any CPU
		{B6DF3C92-3161-4DD5-A21F-AAB0EBD036F0}.Debug|Any CPU.ActiveCfg = Debug|Any CPU
		{B6DF3C92-3161-4DD5-A21F-AAB0EBD036F0}.Debug|Any CPU.Build.0 = Debug|Any CPU
		{B6DF3C92-3161-4DD5-A21F-AAB0EBD036F0}.Release|Any CPU.ActiveCfg = Release|Any CPU
		{B6DF3C92-3161-4DD5-A21F-AAB0EBD036F0}.Release|Any CPU.Build.0 = Release|Any CPU
		{9079C02C-AA1B-47DD-ACAA-DC69D62B75C5}.Debug|Any CPU.ActiveCfg = Debug|Any CPU
		{9079C02C-AA1B-47DD-ACAA-DC69D62B75C5}.Debug|Any CPU.Build.0 = Debug|Any CPU
		{9079C02C-AA1B-47DD-ACAA-DC69D62B75C5}.Release|Any CPU.ActiveCfg = Release|Any CPU
		{9079C02C-AA1B-47DD-ACAA-DC69D62B75C5}.Release|Any CPU.Build.0 = Release|Any CPU
		{E7707F5A-E8EC-402C-8B68-A54AAB9DDA1B}.Debug|Any CPU.ActiveCfg = Debug|Any CPU
		{E7707F5A-E8EC-402C-8B68-A54AAB9DDA1B}.Debug|Any CPU.Build.0 = Debug|Any CPU
		{E7707F5A-E8EC-402C-8B68-A54AAB9DDA1B}.Release|Any CPU.ActiveCfg = Release|Any CPU
		{E7707F5A-E8EC-402C-8B68-A54AAB9DDA1B}.Release|Any CPU.Build.0 = Release|Any CPU
		{24C56B13-3E64-49B2-95C9-AA09AC384518}.Debug|Any CPU.ActiveCfg = Debug|Any CPU
		{24C56B13-3E64-49B2-95C9-AA09AC384518}.Debug|Any CPU.Build.0 = Debug|Any CPU
		{24C56B13-3E64-49B2-95C9-AA09AC384518}.Release|Any CPU.ActiveCfg = Release|Any CPU
		{24C56B13-3E64-49B2-95C9-AA09AC384518}.Release|Any CPU.Build.0 = Release|Any CPU
		{ABFA62A2-7ED4-48B3-A445-DAD41B5548FC}.Debug|Any CPU.ActiveCfg = Debug|Any CPU
		{ABFA62A2-7ED4-48B3-A445-DAD41B5548FC}.Debug|Any CPU.Build.0 = Debug|Any CPU
		{ABFA62A2-7ED4-48B3-A445-DAD41B5548FC}.Release|Any CPU.ActiveCfg = Release|Any CPU
		{ABFA62A2-7ED4-48B3-A445-DAD41B5548FC}.Release|Any CPU.Build.0 = Release|Any CPU
	EndGlobalSection
	GlobalSection(SolutionProperties) = preSolution
		HideSolutionNode = FALSE
	EndGlobalSection
	GlobalSection(NestedProjects) = preSolution
		{914EDDE3-B7CF-492D-B2FE-1CB4051F0287} = {CA52EED9-5607-4A80-AC1A-10079CE967B9}
		{6C9E7A64-25E7-4B1C-8936-55365A881F8C} = {914EDDE3-B7CF-492D-B2FE-1CB4051F0287}
		{CB918DF1-0263-4C3E-9013-0A37808B3390} = {914EDDE3-B7CF-492D-B2FE-1CB4051F0287}
		{23A677BF-9FC6-4569-BCCA-A20C103E7F3E} = {914EDDE3-B7CF-492D-B2FE-1CB4051F0287}
		{FC1BB709-83FE-4272-84F0-1A9CCA3C3EE6} = {914EDDE3-B7CF-492D-B2FE-1CB4051F0287}
		{51F6A226-7A15-4A76-A6E4-62ADD8B34738} = {914EDDE3-B7CF-492D-B2FE-1CB4051F0287}
		{90791077-889D-4D5C-8BD2-A81672A6C662} = {914EDDE3-B7CF-492D-B2FE-1CB4051F0287}
		{B50CEF94-2E22-477F-9A36-AC21B85BF575} = {914EDDE3-B7CF-492D-B2FE-1CB4051F0287}
		{BE065DB1-2F6B-4983-A62F-B8010C29D2DB} = {914EDDE3-B7CF-492D-B2FE-1CB4051F0287}
		{6727EA81-4A9C-4740-B562-03FC07B8BE3F} = {914EDDE3-B7CF-492D-B2FE-1CB4051F0287}
		{BAF15A7F-A672-498B-8C16-4CB1A9D93247} = {914EDDE3-B7CF-492D-B2FE-1CB4051F0287}
		{58205C93-F6BA-4CB4-8913-A036DFBCA9CF} = {914EDDE3-B7CF-492D-B2FE-1CB4051F0287}
		{ADC5BF85-1E6F-4D9E-917F-8EFD2AC4F314} = {914EDDE3-B7CF-492D-B2FE-1CB4051F0287}
		{F8FF3639-A191-436E-9CB4-C6DB47E2A867} = {914EDDE3-B7CF-492D-B2FE-1CB4051F0287}
		{557A7A3F-57D4-4E06-80CD-42E28343B1FE} = {914EDDE3-B7CF-492D-B2FE-1CB4051F0287}
		{E98348B9-B9CC-406A-BD69-1C8714B25F42} = {914EDDE3-B7CF-492D-B2FE-1CB4051F0287}
		{B318D2AA-E252-486E-9390-7120B4242C5C} = {914EDDE3-B7CF-492D-B2FE-1CB4051F0287}
		{747F207D-4EAD-4FBB-98B3-5D6152094080} = {914EDDE3-B7CF-492D-B2FE-1CB4051F0287}
		{2812AC31-13B3-4AF3-8F46-558D62811FEB} = {B50CEF94-2E22-477F-9A36-AC21B85BF575}
		{5B688F02-B5F9-4973-947D-D8C824DA7DCC} = {CA52EED9-5607-4A80-AC1A-10079CE967B9}
		{A7871993-57DC-47AF-9F96-6D307DC2A2D6} = {6C9E7A64-25E7-4B1C-8936-55365A881F8C}
		{F3F43058-BDDD-41BF-A88F-823F16B2B83D} = {CB918DF1-0263-4C3E-9013-0A37808B3390}
		{8964A758-4BAC-48E9-8CD5-0DA19371D70E} = {23A677BF-9FC6-4569-BCCA-A20C103E7F3E}
		{C928B31A-F71A-4A7D-A86D-79194FEAA26D} = {FC1BB709-83FE-4272-84F0-1A9CCA3C3EE6}
		{9974A187-5F13-4106-8B08-D4848210B2E5} = {51F6A226-7A15-4A76-A6E4-62ADD8B34738}
		{34DA65A2-B910-40A5-93D5-A39E3E1A5E4F} = {90791077-889D-4D5C-8BD2-A81672A6C662}
		{4422F12A-81E8-478B-A188-8F4F8CE51E56} = {B318D2AA-E252-486E-9390-7120B4242C5C}
		{CBC3F87F-491F-40FE-A785-FE02710331C2} = {747F207D-4EAD-4FBB-98B3-5D6152094080}
		{09ED2F31-4FC0-419C-B25D-F53466A595EB} = {E98348B9-B9CC-406A-BD69-1C8714B25F42}
		{818E8C5F-8A80-4427-B6A2-2613CBF9D0C6} = {ADC5BF85-1E6F-4D9E-917F-8EFD2AC4F314}
		{E4AC5204-62B7-4EAA-BE8F-B94C870646F9} = {6727EA81-4A9C-4740-B562-03FC07B8BE3F}
		{D0D7B8DD-4CDC-42DC-8B83-16C2CFA462FE} = {BE065DB1-2F6B-4983-A62F-B8010C29D2DB}
		{45494177-E393-43CB-A519-228F15A50154} = {557A7A3F-57D4-4E06-80CD-42E28343B1FE}
		{B6DF3C92-3161-4DD5-A21F-AAB0EBD036F0} = {F8FF3639-A191-436E-9CB4-C6DB47E2A867}
		{9079C02C-AA1B-47DD-ACAA-DC69D62B75C5} = {58205C93-F6BA-4CB4-8913-A036DFBCA9CF}
		{E7707F5A-E8EC-402C-8B68-A54AAB9DDA1B} = {BAF15A7F-A672-498B-8C16-4CB1A9D93247}
		{24C56B13-3E64-49B2-95C9-AA09AC384518} = {E98348B9-B9CC-406A-BD69-1C8714B25F42}
		{ABFA62A2-7ED4-48B3-A445-DAD41B5548FC} = {E98348B9-B9CC-406A-BD69-1C8714B25F42}
	EndGlobalSection
	GlobalSection(ExtensibilityGlobals) = postSolution
		SolutionGuid = {00FBD9AF-635D-46E1-9A5B-88F831DA462B}
	EndGlobalSection
EndGlobal
