
Microsoft Visual Studio Solution File, Format Version 12.00
# Visual Studio Version 16
VisualStudioVersion = 16.0.29123.88
MinimumVisualStudioVersion = 10.0.40219.1
Project("{2150E333-8FDC-42A3-9474-1A3956D46DE8}") = "src", "src", "{CA52EED9-5607-4A80-AC1A-10079CE967B9}"
EndProject
Project("{2150E333-8FDC-42A3-9474-1A3956D46DE8}") = "api", "api", "{914EDDE3-B7CF-492D-B2FE-1CB4051F0287}"
EndProject
Project("{2150E333-8FDC-42A3-9474-1A3956D46DE8}") = "Dashboard", "Dashboard", "{6C9E7A64-25E7-4B1C-8936-55365A881F8C}"
EndProject
Project("{2150E333-8FDC-42A3-9474-1A3956D46DE8}") = "Members", "Members", "{CB918DF1-0263-4C3E-9013-0A37808B3390}"
EndProject
Project("{2150E333-8FDC-42A3-9474-1A3956D46DE8}") = "Reports", "Reports", "{23A677BF-9FC6-4569-BCCA-A20C103E7F3E}"
EndProject
Project("{2150E333-8FDC-42A3-9474-1A3956D46DE8}") = "Actions", "Actions", "{FC1BB709-83FE-4272-84F0-1A9CCA3C3EE6}"
EndProject
Project("{2150E333-8FDC-42A3-9474-1A3956D46DE8}") = "NewsPapers", "NewsPapers", "{51F6A226-7A15-4A76-A6E4-62ADD8B34738}"
EndProject
Project("{2150E333-8FDC-42A3-9474-1A3956D46DE8}") = "Magazines", "Magazines", "{90791077-889D-4D5C-8BD2-A81672A6C662}"
EndProject
Project("{2150E333-8FDC-42A3-9474-1A3956D46DE8}") = "ManageBook", "ManageBook", "{B50CEF94-2E22-477F-9A36-AC21B85BF575}"
EndProject
Project("{2150E333-8FDC-42A3-9474-1A3956D46DE8}") = "ManageFine", "ManageFine", "{BE065DB1-2F6B-4983-A62F-B8010C29D2DB}"
EndProject
Project("{2150E333-8FDC-42A3-9474-1A3956D46DE8}") = "IssueBooks", "IssueBooks", "{6727EA81-4A9C-4740-B562-03FC07B8BE3F}"
EndProject
Project("{2150E333-8FDC-42A3-9474-1A3956D46DE8}") = "Returned", "Returned", "{BAF15A7F-A672-498B-8C16-4CB1A9D93247}"
EndProject
Project("{2150E333-8FDC-42A3-9474-1A3956D46DE8}") = "NotReturned", "NotReturned", "{58205C93-F6BA-4CB4-8913-A036DFBCA9CF}"
EndProject
Project("{2150E333-8FDC-42A3-9474-1A3956D46DE8}") = "AllIssuedBook", "AllIssuedBook", "{ADC5BF85-1E6F-4D9E-917F-8EFD2AC4F314}"
EndProject
Project("{2150E333-8FDC-42A3-9474-1A3956D46DE8}") = "ManageStudents", "ManageStudents", "{F8FF3639-A191-436E-9CB4-C6DB47E2A867}"
EndProject
Project("{2150E333-8FDC-42A3-9474-1A3956D46DE8}") = "ManageSetting", "ManageSetting", "{557A7A3F-57D4-4E06-80CD-42E28343B1FE}"
EndProject
Project("{2150E333-8FDC-42A3-9474-1A3956D46DE8}") = "AboutSoftware", "AboutSoftware", "{E98348B9-B9CC-406A-BD69-1C8714B25F42}"
EndProject
Project("{2150E333-8FDC-42A3-9474-1A3956D46DE8}") = "AdminPannel", "AdminPannel", "{B318D2AA-E252-486E-9390-7120B4242C5C}"
EndProject
Project("{2150E333-8FDC-42A3-9474-1A3956D46DE8}") = "NotifyDelayedMembers", "NotifyDelayedMembers", "{747F207D-4EAD-4FBB-98B3-5D6152094080}"
EndProject
Project("{FAE04EC0-301F-11D3-BF4B-00C04F79EFBC}") = "ManageBook.api", "ManageBook.api\ManageBook.api.csproj", "{2812AC31-13B3-4AF3-8F46-558D62811FEB}"
EndProject
Global
	GlobalSection(SolutionConfigurationPlatforms) = preSolution
		Debug|Any CPU = Debug|Any CPU
		Release|Any CPU = Release|Any CPU
	EndGlobalSection
	GlobalSection(ProjectConfigurationPlatforms) = postSolution
		{2812AC31-13B3-4AF3-8F46-558D62811FEB}.Debug|Any CPU.ActiveCfg = Debug|Any CPU
		{2812AC31-13B3-4AF3-8F46-558D62811FEB}.Debug|Any CPU.Build.0 = Debug|Any CPU
		{2812AC31-13B3-4AF3-8F46-558D62811FEB}.Release|Any CPU.ActiveCfg = Release|Any CPU
		{2812AC31-13B3-4AF3-8F46-558D62811FEB}.Release|Any CPU.Build.0 = Release|Any CPU
	EndGlobalSection
	GlobalSection(SolutionProperties) = preSolution
		HideSolutionNode = FALSE
	EndGlobalSection
	GlobalSection(NestedProjects) = preSolution
		{914EDDE3-B7CF-492D-B2FE-1CB4051F0287} = {CA52EED9-5607-4A80-AC1A-10079CE967B9}
		{6C9E7A64-25E7-4B1C-8936-55365A881F8C} = {914EDDE3-B7CF-492D-B2FE-1CB4051F0287}
		{CB918DF1-0263-4C3E-9013-0A37808B3390} = {914EDDE3-B7CF-492D-B2FE-1CB4051F0287}
		{23A677BF-9FC6-4569-BCCA-A20C103E7F3E} = {914EDDE3-B7CF-492D-B2FE-1CB4051F0287}
		{FC1BB709-83FE-4272-84F0-1A9CCA3C3EE6} = {914EDDE3-B7CF-492D-B2FE-1CB4051F0287}
		{51F6A226-7A15-4A76-A6E4-62ADD8B34738} = {914EDDE3-B7CF-492D-B2FE-1CB4051F0287}
		{90791077-889D-4D5C-8BD2-A81672A6C662} = {914EDDE3-B7CF-492D-B2FE-1CB4051F0287}
		{B50CEF94-2E22-477F-9A36-AC21B85BF575} = {914EDDE3-B7CF-492D-B2FE-1CB4051F0287}
		{BE065DB1-2F6B-4983-A62F-B8010C29D2DB} = {914EDDE3-B7CF-492D-B2FE-1CB4051F0287}
		{6727EA81-4A9C-4740-B562-03FC07B8BE3F} = {914EDDE3-B7CF-492D-B2FE-1CB4051F0287}
		{BAF15A7F-A672-498B-8C16-4CB1A9D93247} = {914EDDE3-B7CF-492D-B2FE-1CB4051F0287}
		{58205C93-F6BA-4CB4-8913-A036DFBCA9CF} = {914EDDE3-B7CF-492D-B2FE-1CB4051F0287}
		{ADC5BF85-1E6F-4D9E-917F-8EFD2AC4F314} = {914EDDE3-B7CF-492D-B2FE-1CB4051F0287}
		{F8FF3639-A191-436E-9CB4-C6DB47E2A867} = {914EDDE3-B7CF-492D-B2FE-1CB4051F0287}
		{557A7A3F-57D4-4E06-80CD-42E28343B1FE} = {914EDDE3-B7CF-492D-B2FE-1CB4051F0287}
		{E98348B9-B9CC-406A-BD69-1C8714B25F42} = {914EDDE3-B7CF-492D-B2FE-1CB4051F0287}
		{B318D2AA-E252-486E-9390-7120B4242C5C} = {914EDDE3-B7CF-492D-B2FE-1CB4051F0287}
		{747F207D-4EAD-4FBB-98B3-5D6152094080} = {914EDDE3-B7CF-492D-B2FE-1CB4051F0287}
		{2812AC31-13B3-4AF3-8F46-558D62811FEB} = {B50CEF94-2E22-477F-9A36-AC21B85BF575}
	EndGlobalSection
	GlobalSection(ExtensibilityGlobals) = postSolution
		SolutionGuid = {00FBD9AF-635D-46E1-9A5B-88F831DA462B}
	EndGlobalSection
EndGlobal
